<Solution>
  <Project Path="BoardGamesLibrary.API/BoardGamesLibrary.API.csproj" />
  <Project Path="BoardGamesLibrary.Application/BoardGamesLibrary.Application.csproj" />
  <Project Path="BoardGamesLibrary.Domain/BoardGamesLibrary.Domain.csproj" />
  <Project Path="BoardGamesLibrary.Infrastructure/BoardGamesLibrary.Infrastructure.csproj" />
  <Project Path="BoardGamesLibrary.Tests/BoardGamesLibrary.Tests.csproj" />
  <Project Path="BoardGamesLibrary.UI/" Type="Website" DisplayName="BoardGamesLibrary.UI">
    <BuildType Project="Debug" />
    <Properties Name="WebsiteProperties">
      <Property Name="Debug.AspNetCompiler.Debug" Value="&quot;True&quot;" />
      <Property Name="Debug.AspNetCompiler.FixedNames" Value="&quot;false&quot;" />
      <Property Name="Debug.AspNetCompiler.ForceOverwrite" Value="&quot;true&quot;" />
      <Property Name="Debug.AspNetCompiler.PhysicalPath" Value="&quot;BoardGamesLibrary.UI\&quot;" />
      <Property Name="Debug.AspNetCompiler.TargetPath" Value="&quot;PrecompiledWeb\localhost_61727\&quot;" />
      <Property Name="Debug.AspNetCompiler.Updateable" Value="&quot;true&quot;" />
      <Property Name="Debug.AspNetCompiler.VirtualPath" Value="&quot;/localhost_61727&quot;" />
      <Property Name="Release.AspNetCompiler.Debug" Value="&quot;False&quot;" />
      <Property Name="Release.AspNetCompiler.FixedNames" Value="&quot;false&quot;" />
      <Property Name="Release.AspNetCompiler.ForceOverwrite" Value="&quot;true&quot;" />
      <Property Name="Release.AspNetCompiler.PhysicalPath" Value="&quot;BoardGamesLibrary.UI\&quot;" />
      <Property Name="Release.AspNetCompiler.TargetPath" Value="&quot;PrecompiledWeb\localhost_61727\&quot;" />
      <Property Name="Release.AspNetCompiler.Updateable" Value="&quot;true&quot;" />
      <Property Name="Release.AspNetCompiler.VirtualPath" Value="&quot;/localhost_61727&quot;" />
      <Property Name="TargetFrameworkMoniker" Value="&quot;.NETFramework,Version%3Dv4.8&quot;" />
      <Property Name="VWDPort" Value="&quot;61727&quot;" />
    </Properties>
  </Project>
</Solution>
